
Microsoft Visual Studio Solution File, Format Version 12.00
# Visual Studio Version 17
VisualStudioVersion = 17.5.002.0
MinimumVisualStudioVersion = 10.0.40219.1
Project("{9A19103F-16F7-4668-BE54-9A1E7A4F7556}") = "HW_GIT_S1", "HW_GIT_S1.csproj", "{4BE51B1D-3CC8-4CB2-8D32-683801378A88}"
EndProject
Global
	GlobalSection(SolutionConfigurationPlatforms) = preSolution
		Debug|Any CPU = Debug|Any CPU
		Release|Any CPU = Release|Any CPU
	EndGlobalSection
	GlobalSection(ProjectConfigurationPlatforms) = postSolution
		{4BE51B1D-3CC8-4CB2-8D32-683801378A88}.Debug|Any CPU.ActiveCfg = Debug|Any CPU
		{4BE51B1D-3CC8-4CB2-8D32-683801378A88}.Debug|Any CPU.Build.0 = Debug|Any CPU
		{4BE51B1D-3CC8-4CB2-8D32-683801378A88}.Release|Any CPU.ActiveCfg = Release|Any CPU
		{4BE51B1D-3CC8-4CB2-8D32-683801378A88}.Release|Any CPU.Build.0 = Release|Any CPU
	EndGlobalSection
	GlobalSection(SolutionProperties) = preSolution
		HideSolutionNode = FALSE
	EndGlobalSection
	GlobalSection(ExtensibilityGlobals) = postSolution
		SolutionGuid = {58F3A6AF-E890-44F9-9AA4-EE5E168CEFC8}
	EndGlobalSection
EndGlobal
